$begin 'ConnectionParameters'
	DesktopProcessID=20296
	DesktopProcessPath='M:\\Program files\\AnsysEM\\Ansys Student\\v232\\Win64\\ansysedtsv.exe'
	LaunchedByWB=false
	$begin 'DesktopStubBlock'
		$begin 'CommDetails'
			TransportType=1
			IPAddress='192.168.1.11'
			ListenPort='61837'
		$end 'CommDetails'
		$begin 'Marshall'
			InstanceID=503
			ProcID=20296
			InterfaceID=1
			FactoryIntID='DesktopInterfaceForWBProxyStubFactory'
		$end 'Marshall'
	$end 'DesktopStubBlock'
	$begin 'DesktopBackgroundObjStubBlock'
		$begin 'CommDetails'
			TransportType=1
			IPAddress='192.168.1.11'
			ListenPort='61837'
		$end 'CommDetails'
		$begin 'Marshall'
			InstanceID=505
			ProcID=20296
			InterfaceID=2
			FactoryIntID='DesktopInterfaceForWBProxyStubFactory'
		$end 'Marshall'
	$end 'DesktopBackgroundObjStubBlock'
$end 'ConnectionParameters'
